
Microsoft Visual Studio Solution File, Format Version 12.00
# Visual Studio Version 16
VisualStudioVersion = 25.0.1706.7
MinimumVisualStudioVersion = 10.0.40219.1
Project("{FAE04EC0-301F-11D3-BF4B-00C04F79EFBC}") = "gravitate-test-automation", "gravitate-test-automation.csproj", "{CFF2A2B9-84FE-4A59-9892-9F5A8589C834}"
EndProject
Global
	GlobalSection(SolutionConfigurationPlatforms) = preSolution
		Debug|Any CPU = Debug|Any CPU
		Release|Any CPU = Release|Any CPU
	EndGlobalSection
	GlobalSection(ProjectConfigurationPlatforms) = postSolution
		{CFF2A2B9-84FE-4A59-9892-9F5A8589C834}.Debug|Any CPU.ActiveCfg = Debug|Any CPU
		{CFF2A2B9-84FE-4A59-9892-9F5A8589C834}.Debug|Any CPU.Build.0 = Debug|Any CPU
		{CFF2A2B9-84FE-4A59-9892-9F5A8589C834}.Release|Any CPU.ActiveCfg = Release|Any CPU
		{CFF2A2B9-84FE-4A59-9892-9F5A8589C834}.Release|Any CPU.Build.0 = Release|Any CPU
	EndGlobalSection
	GlobalSection(SolutionProperties) = preSolution
		HideSolutionNode = FALSE
	EndGlobalSection
	GlobalSection(ExtensibilityGlobals) = postSolution
		SolutionGuid = {E1DA490E-DB7E-469F-B55F-38B5E8095929}
	EndGlobalSection
EndGlobal
